
Microsoft Visual Studio Solution File, Format Version 12.00
# Visual Studio Version 17
VisualStudioVersion = 17.9.34723.18
MinimumVisualStudioVersion = 10.0.40219.1
Project("{FAE04EC0-301F-11D3-BF4B-00C04F79EFBC}") = "NumberGuessingGame", "NumberGuessingGame\NumberGuessingGame.csproj", "{0B48427C-4AE2-49CE-A44D-77677E12952D}"
EndProject
Global
	GlobalSection(SolutionConfigurationPlatforms) = preSolution
		Debug|Any CPU = Debug|Any CPU
		Release|Any CPU = Release|Any CPU
	EndGlobalSection
	GlobalSection(ProjectConfigurationPlatforms) = postSolution
		{0B48427C-4AE2-49CE-A44D-77677E12952D}.Debug|Any CPU.ActiveCfg = Debug|Any CPU
		{0B48427C-4AE2-49CE-A44D-77677E12952D}.Debug|Any CPU.Build.0 = Debug|Any CPU
		{0B48427C-4AE2-49CE-A44D-77677E12952D}.Release|Any CPU.ActiveCfg = Release|Any CPU
		{0B48427C-4AE2-49CE-A44D-77677E12952D}.Release|Any CPU.Build.0 = Release|Any CPU
	EndGlobalSection
	GlobalSection(SolutionProperties) = preSolution
		HideSolutionNode = FALSE
	EndGlobalSection
	GlobalSection(ExtensibilityGlobals) = postSolution
		SolutionGuid = {0B45CC24-2AD6-432D-84D7-4378CE84E756}
	EndGlobalSection
EndGlobal
